{
    "name": "mycommon",
    "lockfileVersion": 3,
    "requires": true,
    "packages": {
        "": {
            "name": "mycommon",
            "dependencies": {
                "@effect/schema": "^0.56.1",
                "effect": "^2.0.0-next.62"
            }
        },
        "node_modules/@effect/schema": {
            "version": "0.56.1",
            "resolved": "https://registry.npmjs.org/@effect/schema/-/schema-0.56.1.tgz",
            "integrity": "sha512-cfEyHLXPdzSKzJU/yYrPjFd0iVHPydh+NT0sgTe4bzXbcvOsKZuvQ86cAAwXN7lxY0N5cPes9ACxUxTdkEaNlw==",
            "peerDependencies": {
                "effect": "2.0.0-next.62",
                "fast-check": "^3.13.2"
            }
        },
        "node_modules/effect": {
            "version": "2.0.0-next.62",
            "resolved": "https://registry.npmjs.org/effect/-/effect-2.0.0-next.62.tgz",
            "integrity": "sha512-fJhLzf5oouL4WZP314ZJgZz5Bel7OHTY+YFxO06sW1mSvqJz0s28y7jDHr5zhtTNM1YRvzbeLYUYfNaJYKqx1A=="
        },
        "node_modules/fast-check": {
            "version": "3.15.0",
            "resolved": "https://registry.npmjs.org/fast-check/-/fast-check-3.15.0.tgz",
            "integrity": "sha512-iBz6c+EXL6+nI931x/sbZs1JYTZtLG6Cko0ouS8LRTikhDR7+wZk4TYzdRavlnByBs2G6+nuuJ7NYL9QplNt8Q==",
            "funding": [
                {
                    "type": "individual",
                    "url": "https://github.com/sponsors/dubzzz"
                },
                {
                    "type": "opencollective",
                    "url": "https://opencollective.com/fast-check"
                }
            ],
            "peer": true,
            "dependencies": {
                "pure-rand": "^6.0.0"
            },
            "engines": {
                "node": ">=8.0.0"
            }
        },
        "node_modules/pure-rand": {
            "version": "6.0.4",
            "resolved": "https://registry.npmjs.org/pure-rand/-/pure-rand-6.0.4.tgz",
            "integrity": "sha512-LA0Y9kxMYv47GIPJy6MI84fqTd2HmYZI83W/kM/SkKfDlajnZYfmXFTxkbY+xSBPkLJxltMa9hIkmdc29eguMA==",
            "funding": [
                {
                    "type": "individual",
                    "url": "https://github.com/sponsors/dubzzz"
                },
                {
                    "type": "opencollective",
                    "url": "https://opencollective.com/fast-check"
                }
            ],
            "peer": true
        }
    }
}
